
Microsoft Visual Studio Solution File, Format Version 12.00
# Visual Studio 15
VisualStudioVersion = 15.0.26730.15
MinimumVisualStudioVersion = 10.0.40219.1
Project("{9A19103F-16F7-4668-BE54-9A1E7A4F7556}") = "AreaCalculator.App", "AreaCalculator.App\AreaCalculator.App.csproj", "{E3800E24-903F-4D26-B7C5-5E586AD806BC}"
EndProject
Project("{9A19103F-16F7-4668-BE54-9A1E7A4F7556}") = "AreaCalculator.Test", "AreaCalculator.Test\AreaCalculator.Test.csproj", "{00551DA8-E9F9-436A-B6A6-F2112173DD36}"
EndProject
Project("{2150E333-8FDC-42A3-9474-1A3956D46DE8}") = "Solution Items", "Solution Items", "{82659681-2396-4712-8323-AF0ADB47794D}"
	ProjectSection(SolutionItems) = preProject
		.travis.yml = .travis.yml
	EndProjectSection
EndProject
Global
	GlobalSection(SolutionConfigurationPlatforms) = preSolution
		Debug|Any CPU = Debug|Any CPU
		Release|Any CPU = Release|Any CPU
	EndGlobalSection
	GlobalSection(ProjectConfigurationPlatforms) = postSolution
		{E3800E24-903F-4D26-B7C5-5E586AD806BC}.Debug|Any CPU.ActiveCfg = Debug|Any CPU
		{E3800E24-903F-4D26-B7C5-5E586AD806BC}.Debug|Any CPU.Build.0 = Debug|Any CPU
		{E3800E24-903F-4D26-B7C5-5E586AD806BC}.Release|Any CPU.ActiveCfg = Release|Any CPU
		{E3800E24-903F-4D26-B7C5-5E586AD806BC}.Release|Any CPU.Build.0 = Release|Any CPU
		{00551DA8-E9F9-436A-B6A6-F2112173DD36}.Debug|Any CPU.ActiveCfg = Debug|Any CPU
		{00551DA8-E9F9-436A-B6A6-F2112173DD36}.Debug|Any CPU.Build.0 = Debug|Any CPU
		{00551DA8-E9F9-436A-B6A6-F2112173DD36}.Release|Any CPU.ActiveCfg = Release|Any CPU
		{00551DA8-E9F9-436A-B6A6-F2112173DD36}.Release|Any CPU.Build.0 = Release|Any CPU
	EndGlobalSection
	GlobalSection(SolutionProperties) = preSolution
		HideSolutionNode = FALSE
	EndGlobalSection
	GlobalSection(ExtensibilityGlobals) = postSolution
		SolutionGuid = {4C0942F2-8B0D-4C1C-B1CD-7A5275F82D8E}
	EndGlobalSection
EndGlobal
